
Microsoft Visual Studio Solution File, Format Version 12.00
Project("{FAE04EC0-301F-11D3-BF4B-00C04F79EFBC}") = "FinanceManagement.Web", "FinanceManagement.Web/FinanceManagement.Web.csproj", "{006650CD-8CD4-4137-99E7-93B1303AC848}"
EndProject
Global
	GlobalSection(SolutionConfigurationPlatforms) = preSolution
		Debug|Any CPU = Debug|Any CPU
		Release|Any CPU = Release|Any CPU
	EndGlobalSection
	GlobalSection(ProjectConfigurationPlatforms) = postSolution
		{006650CD-8CD4-4137-99E7-93B1303AC848}.Debug|Any CPU.ActiveCfg = Debug|Any CPU
		{006650CD-8CD4-4137-99E7-93B1303AC848}.Debug|Any CPU.Build.0 = Debug|Any CPU
		{006650CD-8CD4-4137-99E7-93B1303AC848}.Release|Any CPU.ActiveCfg = Release|Any CPU
		{006650CD-8CD4-4137-99E7-93B1303AC848}.Release|Any CPU.Build.0 = Release|Any CPU
	EndGlobalSection
EndGlobal
